
Microsoft Visual Studio Solution File, Format Version 12.00
# Visual Studio Version 17
VisualStudioVersion = 17.0.32014.148
MinimumVisualStudioVersion = 10.0.40219.1
Project("{FAE04EC0-301F-11D3-BF4B-00C04F79EFBC}") = "UmesiServer", "UmesiServer\UmesiServer.csproj", "{A71F6867-68C4-4E05-B428-9881006E4DC6}"
EndProject
Global
	GlobalSection(SolutionConfigurationPlatforms) = preSolution
		Debug|Any CPU = Debug|Any CPU
		Release|Any CPU = Release|Any CPU
	EndGlobalSection
	GlobalSection(ProjectConfigurationPlatforms) = postSolution
		{A71F6867-68C4-4E05-B428-9881006E4DC6}.Debug|Any CPU.ActiveCfg = Debug|Any CPU
		{A71F6867-68C4-4E05-B428-9881006E4DC6}.Debug|Any CPU.Build.0 = Debug|Any CPU
		{A71F6867-68C4-4E05-B428-9881006E4DC6}.Release|Any CPU.ActiveCfg = Release|Any CPU
		{A71F6867-68C4-4E05-B428-9881006E4DC6}.Release|Any CPU.Build.0 = Release|Any CPU
	EndGlobalSection
	GlobalSection(SolutionProperties) = preSolution
		HideSolutionNode = FALSE
	EndGlobalSection
	GlobalSection(ExtensibilityGlobals) = postSolution
		SolutionGuid = {DF206B71-2037-492D-8232-439FF389A25C}
	EndGlobalSection
EndGlobal
